
Microsoft Visual Studio Solution File, Format Version 12.00
# Visual Studio Version 17
VisualStudioVersion = 17.6.33723.286
MinimumVisualStudioVersion = 10.0.40219.1
Project("{FAE04EC0-301F-11D3-BF4B-00C04F79EFBC}") = "YAGO.WebProjectTemplate.Web", "YAGO.WebProjectTemplate.Web\YAGO.WebProjectTemplate.Web.csproj", "{765946AF-9334-4930-888A-3D4BE51DD88C}"
EndProject
Project("{2150E333-8FDC-42A3-9474-1A3956D46DE8}") = "Solution Items", "Solution Items", "{C45E13E3-C862-4710-96DC-CD549E10A82C}"
	ProjectSection(SolutionItems) = preProject
		.editorconfig = .editorconfig
	EndProjectSection
EndProject
Global
	GlobalSection(SolutionConfigurationPlatforms) = preSolution
		Debug|Any CPU = Debug|Any CPU
		Release|Any CPU = Release|Any CPU
	EndGlobalSection
	GlobalSection(ProjectConfigurationPlatforms) = postSolution
		{765946AF-9334-4930-888A-3D4BE51DD88C}.Debug|Any CPU.ActiveCfg = Debug|Any CPU
		{765946AF-9334-4930-888A-3D4BE51DD88C}.Debug|Any CPU.Build.0 = Debug|Any CPU
		{765946AF-9334-4930-888A-3D4BE51DD88C}.Release|Any CPU.ActiveCfg = Release|Any CPU
		{765946AF-9334-4930-888A-3D4BE51DD88C}.Release|Any CPU.Build.0 = Release|Any CPU
	EndGlobalSection
	GlobalSection(SolutionProperties) = preSolution
		HideSolutionNode = FALSE
	EndGlobalSection
	GlobalSection(ExtensibilityGlobals) = postSolution
		SolutionGuid = {09A2724A-BF78-4559-A595-B72B9B840A71}
	EndGlobalSection
EndGlobal
